
Microsoft Visual Studio Solution File, Format Version 12.00
# Visual Studio Version 17
VisualStudioVersion = 17.2.32526.322
MinimumVisualStudioVersion = 10.0.40219.1
Project("{9A19103F-16F7-4668-BE54-9A1E7A4F7556}") = "DDR", "DDR\DDR.csproj", "{CAF1B243-5195-4381-954B-C848D664C4DC}"
EndProject
Global
	GlobalSection(SolutionConfigurationPlatforms) = preSolution
		Debug|Any CPU = Debug|Any CPU
		Release|Any CPU = Release|Any CPU
	EndGlobalSection
	GlobalSection(ProjectConfigurationPlatforms) = postSolution
		{CAF1B243-5195-4381-954B-C848D664C4DC}.Debug|Any CPU.ActiveCfg = Debug|Any CPU
		{CAF1B243-5195-4381-954B-C848D664C4DC}.Debug|Any CPU.Build.0 = Debug|Any CPU
		{CAF1B243-5195-4381-954B-C848D664C4DC}.Release|Any CPU.ActiveCfg = Release|Any CPU
		{CAF1B243-5195-4381-954B-C848D664C4DC}.Release|Any CPU.Build.0 = Release|Any CPU
	EndGlobalSection
	GlobalSection(SolutionProperties) = preSolution
		HideSolutionNode = FALSE
	EndGlobalSection
	GlobalSection(ExtensibilityGlobals) = postSolution
		SolutionGuid = {84B1408B-2BF9-438A-904A-7BDD3C723CAC}
	EndGlobalSection
EndGlobal
